lockfileVersion: '9.0'

settings:
  autoInstallPeers: true
  excludeLinksFromLockfile: false

importers:

  .:
    dependencies:
      phoenix:
        specifier: file:../deps/phoenix
        version: file:../deps/phoenix
      phoenix_html:
        specifier: file:../deps/phoenix_html
        version: file:../deps/phoenix_html
      phoenix_live_view:
        specifier: file:../deps/phoenix_live_view
        version: file:../deps/phoenix_live_view
      xterm:
        specifier: 5.3.0
        version: 5.3.0
      xterm-addon-fit:
        specifier: 0.8.0
        version: 0.8.0(xterm@5.3.0)

packages:

  morphdom@2.7.8:
    resolution: {integrity: sha512-D/fR4xgGUyVRbdMGU6Nejea1RFzYxYtyurG4Fbv2Fi/daKlWKuXGLOdXtl+3eIwL110cI2hz1ZojGICjjFLgTg==}

  phoenix@file:../deps/phoenix:
    resolution: {directory: ../deps/phoenix, type: directory}

  phoenix_html@file:../deps/phoenix_html:
    resolution: {directory: ../deps/phoenix_html, type: directory}

  phoenix_live_view@file:../deps/phoenix_live_view:
    resolution: {directory: ../deps/phoenix_live_view, type: directory}

  xterm-addon-fit@0.8.0:
    resolution: {integrity: sha512-yj3Np7XlvxxhYF/EJ7p3KHaMt6OdwQ+HDu573Vx1lRXsVxOcnVJs51RgjZOouIZOczTsskaS+CpXspK81/DLqw==}
    deprecated: This package is now deprecated. Move to @xterm/addon-fit instead.
    peerDependencies:
      xterm: ^5.0.0

  xterm@5.3.0:
    resolution: {integrity: sha512-8QqjlekLUFTrU6x7xck1MsPzPA571K5zNqWm0M0oroYEWVOptZ0+ubQSkQ3uxIEhcIHRujJy6emDWX4A7qyFzg==}
    deprecated: This package is now deprecated. Move to @xterm/xterm instead.

snapshots:

  morphdom@2.7.8: {}

  phoenix@file:../deps/phoenix: {}

  phoenix_html@file:../deps/phoenix_html: {}

  phoenix_live_view@file:../deps/phoenix_live_view:
    dependencies:
      morphdom: 2.7.8

  xterm-addon-fit@0.8.0(xterm@5.3.0):
    dependencies:
      xterm: 5.3.0

  xterm@5.3.0: {}
